// !$*UTF8*$!
{
	archiveVersion = 1;
	classes = {
	};
	objectVersion = 55;
	objects = {

/* Begin PBXBuildFile section */
		531344492974617C00D86C84 /* SideMenu.swift in Sources */ = {isa = PBXBuildFile; fileRef = 531344482974617C00D86C84 /* SideMenu.swift */; };
		532A08FA2975119000025164 /* Preview.swift in Sources */ = {isa = PBXBuildFile; fileRef = 532A08F92975119000025164 /* Preview.swift */; };
		53A6102929758A66003F845C /* MediaList.swift in Sources */ = {isa = PBXBuildFile; fileRef = 53A6102829758A66003F845C /* MediaList.swift */; };
		53BE7A0929731DB000790CD7 /* NeighbourApp.swift in Sources */ = {isa = PBXBuildFile; fileRef = 53BE7A0829731DB000790CD7 /* NeighbourApp.swift */; };
		53BE7A0B29731DB000790CD7 /* ContentView.swift in Sources */ = {isa = PBXBuildFile; fileRef = 53BE7A0A29731DB000790CD7 /* ContentView.swift */; };
		53BE7A0D29731DB100790CD7 /* Assets.xcassets in Resources */ = {isa = PBXBuildFile; fileRef = 53BE7A0C29731DB100790CD7 /* Assets.xcassets */; };
		53BE7A1029731DB100790CD7 /* Preview Assets.xcassets in Resources */ = {isa = PBXBuildFile; fileRef = 53BE7A0F29731DB100790CD7 /* Preview Assets.xcassets */; };
		53BE7A1A29731DB100790CD7 /* NeighbourTests.swift in Sources */ = {isa = PBXBuildFile; fileRef = 53BE7A1929731DB100790CD7 /* NeighbourTests.swift */; };
		53BE7A2429731DB100790CD7 /* NeighbourUITests.swift in Sources */ = {isa = PBXBuildFile; fileRef = 53BE7A2329731DB100790CD7 /* NeighbourUITests.swift */; };
		53BE7A2629731DB100790CD7 /* NeighbourUITestsLaunchTests.swift in Sources */ = {isa = PBXBuildFile; fileRef = 53BE7A2529731DB100790CD7 /* NeighbourUITestsLaunchTests.swift */; };
		53EA05F9297747A1002581DC /* Utility.swift in Sources */ = {isa = PBXBuildFile; fileRef = 53EA05F82977479E002581DC /* Utility.swift */; };
		53EA05FB29776794002581DC /* SplashScreen.swift in Sources */ = {isa = PBXBuildFile; fileRef = 53EA05FA29776793002581DC /* SplashScreen.swift */; };
/* End PBXBuildFile section */

/* Begin PBXContainerItemProxy section */
		53BE7A1629731DB100790CD7 /* PBXContainerItemProxy */ = {
			isa = PBXContainerItemProxy;
			containerPortal = 53BE79FD29731DB000790CD7 /* Project object */;
			proxyType = 1;
			remoteGlobalIDString = 53BE7A0429731DB000790CD7;
			remoteInfo = Neighbour;
		};
		53BE7A2029731DB100790CD7 /* PBXContainerItemProxy */ = {
			isa = PBXContainerItemProxy;
			containerPortal = 53BE79FD29731DB000790CD7 /* Project object */;
			proxyType = 1;
			remoteGlobalIDString = 53BE7A0429731DB000790CD7;
			remoteInfo = Neighbour;
		};
/* End PBXContainerItemProxy section */

/* Begin PBXFileReference section */
		531344482974617C00D86C84 /* SideMenu.swift */ = {isa = PBXFileReference; lastKnownFileType = sourcecode.swift; path = SideMenu.swift; sourceTree = "<group>"; };
		532A08F92975119000025164 /* Preview.swift */ = {isa = PBXFileReference; lastKnownFileType = sourcecode.swift; path = Preview.swift; sourceTree = "<group>"; };
		53A6102829758A66003F845C /* MediaList.swift */ = {isa = PBXFileReference; lastKnownFileType = sourcecode.swift; path = MediaList.swift; sourceTree = "<group>"; };
		53BE7A0529731DB000790CD7 /* Neighbour.app */ = {isa = PBXFileReference; explicitFileType = wrapper.application; includeInIndex = 0; path = Neighbour.app; sourceTree = BUILT_PRODUCTS_DIR; };
		53BE7A0829731DB000790CD7 /* NeighbourApp.swift */ = {isa = PBXFileReference; lastKnownFileType = sourcecode.swift; path = NeighbourApp.swift; sourceTree = "<group>"; };
		53BE7A0A29731DB000790CD7 /* ContentView.swift */ = {isa = PBXFileReference; lastKnownFileType = sourcecode.swift; path = ContentView.swift; sourceTree = "<group>"; };
		53BE7A0C29731DB100790CD7 /* Assets.xcassets */ = {isa = PBXFileReference; lastKnownFileType = folder.assetcatalog; path = Assets.xcassets; sourceTree = "<group>"; };
		53BE7A0F29731DB100790CD7 /* Preview Assets.xcassets */ = {isa = PBXFileReference; lastKnownFileType = folder.assetcatalog; path = "Preview Assets.xcassets"; sourceTree = "<group>"; };
		53BE7A1529731DB100790CD7 /* NeighbourTests.xctest */ = {isa = PBXFileReference; explicitFileType = wrapper.cfbundle; includeInIndex = 0; path = NeighbourTests.xctest; sourceTree = BUILT_PRODUCTS_DIR; };
		53BE7A1929731DB100790CD7 /* NeighbourTests.swift */ = {isa = PBXFileReference; lastKnownFileType = sourcecode.swift; path = NeighbourTests.swift; sourceTree = "<group>"; };
		53BE7A1F29731DB100790CD7 /* NeighbourUITests.xctest */ = {isa = PBXFileReference; explicitFileType = wrapper.cfbundle; includeInIndex = 0; path = NeighbourUITests.xctest; sourceTree = BUILT_PRODUCTS_DIR; };
		53BE7A2329731DB100790CD7 /* NeighbourUITests.swift */ = {isa = PBXFileReference; lastKnownFileType = sourcecode.swift; path = NeighbourUITests.swift; sourceTree = "<group>"; };
		53BE7A2529731DB100790CD7 /* NeighbourUITestsLaunchTests.swift */ = {isa = PBXFileReference; lastKnownFileType = sourcecode.swift; path = NeighbourUITestsLaunchTests.swift; sourceTree = "<group>"; };
		53EA05F82977479E002581DC /* Utility.swift */ = {isa = PBXFileReference; lastKnownFileType = sourcecode.swift; path = Utility.swift; sourceTree = "<group>"; };
		53EA05FA29776793002581DC /* SplashScreen.swift */ = {isa = PBXFileReference; lastKnownFileType = sourcecode.swift; path = SplashScreen.swift; sourceTree = "<group>"; };
/* End PBXFileReference section */

/* Begin PBXFrameworksBuildPhase section */
		53BE7A0229731DB000790CD7 /* Frameworks */ = {
			isa = PBXFrameworksBuildPhase;
			buildActionMask = 2147483647;
			files = (
			);
			runOnlyForDeploymentPostprocessing = 0;
		};
		53BE7A1229731DB100790CD7 /* Frameworks */ = {
			isa = PBXFrameworksBuildPhase;
			buildActionMask = 2147483647;
			files = (
			);
			runOnlyForDeploymentPostprocessing = 0;
		};
		53BE7A1C29731DB100790CD7 /* Frameworks */ = {
			isa = PBXFrameworksBuildPhase;
			buildActionMask = 2147483647;
			files = (
			);
			runOnlyForDeploymentPostprocessing = 0;
		};
/* End PBXFrameworksBuildPhase section */

/* Begin PBXGroup section */
		53BE79FC29731DB000790CD7 = {
			isa = PBXGroup;
			children = (
				53BE7A0729731DB000790CD7 /* Neighbour */,
				53BE7A1829731DB100790CD7 /* NeighbourTests */,
				53BE7A2229731DB100790CD7 /* NeighbourUITests */,
				53BE7A0629731DB000790CD7 /* Products */,
			);
			sourceTree = "<group>";
		};
		53BE7A0629731DB000790CD7 /* Products */ = {
			isa = PBXGroup;
			children = (
				53BE7A0529731DB000790CD7 /* Neighbour.app */,
				53BE7A1529731DB100790CD7 /* NeighbourTests.xctest */,
				53BE7A1F29731DB100790CD7 /* NeighbourUITests.xctest */,
			);
			name = Products;
			sourceTree = "<group>";
		};
		53BE7A0729731DB000790CD7 /* Neighbour */ = {
			isa = PBXGroup;
			children = (
				53BE7A0829731DB000790CD7 /* NeighbourApp.swift */,
				53EA05FA29776793002581DC /* SplashScreen.swift */,
				53BE7A0A29731DB000790CD7 /* ContentView.swift */,
				53A6102829758A66003F845C /* MediaList.swift */,
				531344482974617C00D86C84 /* SideMenu.swift */,
				53EA05F82977479E002581DC /* Utility.swift */,
				532A08F92975119000025164 /* Preview.swift */,
				53BE7A0C29731DB100790CD7 /* Assets.xcassets */,
				53BE7A0E29731DB100790CD7 /* Preview Content */,
			);
			path = Neighbour;
			sourceTree = "<group>";
		};
		53BE7A0E29731DB100790CD7 /* Preview Content */ = {
			isa = PBXGroup;
			children = (
				53BE7A0F29731DB100790CD7 /* Preview Assets.xcassets */,
			);
			path = "Preview Content";
			sourceTree = "<group>";
		};
		53BE7A1829731DB100790CD7 /* NeighbourTests */ = {
			isa = PBXGroup;
			children = (
				53BE7A1929731DB100790CD7 /* NeighbourTests.swift */,
			);
			path = NeighbourTests;
			sourceTree = "<group>";
		};
		53BE7A2229731DB100790CD7 /* NeighbourUITests */ = {
			isa = PBXGroup;
			children = (
				53BE7A2329731DB100790CD7 /* NeighbourUITests.swift */,
				53BE7A2529731DB100790CD7 /* NeighbourUITestsLaunchTests.swift */,
			);
			path = NeighbourUITests;
			sourceTree = "<group>";
		};
/* End PBXGroup section */

/* Begin PBXNativeTarget section */
		53BE7A0429731DB000790CD7 /* Neighbour */ = {
			isa = PBXNativeTarget;
			buildConfigurationList = 53BE7A2929731DB100790CD7 /* Build configuration list for PBXNativeTarget "Neighbour" */;
			buildPhases = (
				53BE7A0129731DB000790CD7 /* Sources */,
				53BE7A0229731DB000790CD7 /* Frameworks */,
				53BE7A0329731DB000790CD7 /* Resources */,
			);
			buildRules = (
			);
			dependencies = (
			);
			name = Neighbour;
			productName = Neighbour;
			productReference = 53BE7A0529731DB000790CD7 /* Neighbour.app */;
			productType = "com.apple.product-type.application";
		};
		53BE7A1429731DB100790CD7 /* NeighbourTests */ = {
			isa = PBXNativeTarget;
			buildConfigurationList = 53BE7A2C29731DB100790CD7 /* Build configuration list for PBXNativeTarget "NeighbourTests" */;
			buildPhases = (
				53BE7A1129731DB100790CD7 /* Sources */,
				53BE7A1229731DB100790CD7 /* Frameworks */,
				53BE7A1329731DB100790CD7 /* Resources */,
			);
			buildRules = (
			);
			dependencies = (
				53BE7A1729731DB100790CD7 /* PBXTargetDependency */,
			);
			name = NeighbourTests;
			productName = NeighbourTests;
			productReference = 53BE7A1529731DB100790CD7 /* NeighbourTests.xctest */;
			productType = "com.apple.product-type.bundle.unit-test";
		};
		53BE7A1E29731DB100790CD7 /* NeighbourUITests */ = {
			isa = PBXNativeTarget;
			buildConfigurationList = 53BE7A2F29731DB100790CD7 /* Build configuration list for PBXNativeTarget "NeighbourUITests" */;
			buildPhases = (
				53BE7A1B29731DB100790CD7 /* Sources */,
				53BE7A1C29731DB100790CD7 /* Frameworks */,
				53BE7A1D29731DB100790CD7 /* Resources */,
			);
			buildRules = (
			);
			dependencies = (
				53BE7A2129731DB100790CD7 /* PBXTargetDependency */,
			);
			name = NeighbourUITests;
			productName = NeighbourUITests;
			productReference = 53BE7A1F29731DB100790CD7 /* NeighbourUITests.xctest */;
			productType = "com.apple.product-type.bundle.ui-testing";
		};
/* End PBXNativeTarget section */

/* Begin PBXProject section */
		53BE79FD29731DB000790CD7 /* Project object */ = {
			isa = PBXProject;
			attributes = {
				BuildIndependentTargetsInParallel = 1;
				LastSwiftUpdateCheck = 1340;
				LastUpgradeCheck = 1340;
				TargetAttributes = {
					53BE7A0429731DB000790CD7 = {
						CreatedOnToolsVersion = 13.4;
					};
					53BE7A1429731DB100790CD7 = {
						CreatedOnToolsVersion = 13.4;
						TestTargetID = 53BE7A0429731DB000790CD7;
					};
					53BE7A1E29731DB100790CD7 = {
						CreatedOnToolsVersion = 13.4;
						TestTargetID = 53BE7A0429731DB000790CD7;
					};
				};
			};
			buildConfigurationList = 53BE7A0029731DB000790CD7 /* Build configuration list for PBXProject "Neighbour" */;
			compatibilityVersion = "Xcode 13.0";
			developmentRegion = en;
			hasScannedForEncodings = 0;
			knownRegions = (
				en,
				Base,
			);
			mainGroup = 53BE79FC29731DB000790CD7;
			productRefGroup = 53BE7A0629731DB000790CD7 /* Products */;
			projectDirPath = "";
			projectRoot = "";
			targets = (
				53BE7A0429731DB000790CD7 /* Neighbour */,
				53BE7A1429731DB100790CD7 /* NeighbourTests */,
				53BE7A1E29731DB100790CD7 /* NeighbourUITests */,
			);
		};
/* End PBXProject section */

/* Begin PBXResourcesBuildPhase section */
		53BE7A0329731DB000790CD7 /* Resources */ = {
			isa = PBXResourcesBuildPhase;
			buildActionMask = 2147483647;
			files = (
				53BE7A1029731DB100790CD7 /* Preview Assets.xcassets in Resources */,
				53BE7A0D29731DB100790CD7 /* Assets.xcassets in Resources */,
			);
			runOnlyForDeploymentPostprocessing = 0;
		};
		53BE7A1329731DB100790CD7 /* Resources */ = {
			isa = PBXResourcesBuildPhase;
			buildActionMask = 2147483647;
			files = (
			);
			runOnlyForDeploymentPostprocessing = 0;
		};
		53BE7A1D29731DB100790CD7 /* Resources */ = {
			isa = PBXResourcesBuildPhase;
			buildActionMask = 2147483647;
			files = (
			);
			runOnlyForDeploymentPostprocessing = 0;
		};
/* End PBXResourcesBuildPhase section */

/* Begin PBXSourcesBuildPhase section */
		53BE7A0129731DB000790CD7 /* Sources */ = {
			isa = PBXSourcesBuildPhase;
			buildActionMask = 2147483647;
			files = (
				53BE7A0B29731DB000790CD7 /* ContentView.swift in Sources */,
				53BE7A0929731DB000790CD7 /* NeighbourApp.swift in Sources */,
				53EA05FB29776794002581DC /* SplashScreen.swift in Sources */,
				53EA05F9297747A1002581DC /* Utility.swift in Sources */,
				53A6102929758A66003F845C /* MediaList.swift in Sources */,
				532A08FA2975119000025164 /* Preview.swift in Sources */,
				531344492974617C00D86C84 /* SideMenu.swift in Sources */,
			);
			runOnlyForDeploymentPostprocessing = 0;
		};
		53BE7A1129731DB100790CD7 /* Sources */ = {
			isa = PBXSourcesBuildPhase;
			buildActionMask = 2147483647;
			files = (
				53BE7A1A29731DB100790CD7 /* NeighbourTests.swift in Sources */,
			);
			runOnlyForDeploymentPostprocessing = 0;
		};
		53BE7A1B29731DB100790CD7 /* Sources */ = {
			isa = PBXSourcesBuildPhase;
			buildActionMask = 2147483647;
			files = (
				53BE7A2629731DB100790CD7 /* NeighbourUITestsLaunchTests.swift in Sources */,
				53BE7A2429731DB100790CD7 /* NeighbourUITests.swift in Sources */,
			);
			runOnlyForDeploymentPostprocessing = 0;
		};
/* End PBXSourcesBuildPhase section */

/* Begin PBXTargetDependency section */
		53BE7A1729731DB100790CD7 /* PBXTargetDependency */ = {
			isa = PBXTargetDependency;
			target = 53BE7A0429731DB000790CD7 /* Neighbour */;
			targetProxy = 53BE7A1629731DB100790CD7 /* PBXContainerItemProxy */;
		};
		53BE7A2129731DB100790CD7 /* PBXTargetDependency */ = {
			isa = PBXTargetDependency;
			target = 53BE7A0429731DB000790CD7 /* Neighbour */;
			targetProxy = 53BE7A2029731DB100790CD7 /* PBXContainerItemProxy */;
		};
/* End PBXTargetDependency section */

/* Begin XCBuildConfiguration section */
		53BE7A2729731DB100790CD7 /* Debug */ = {
			isa = XCBuildConfiguration;
			buildSettings = {
				ALWAYS_SEARCH_USER_PATHS = NO;
				CLANG_ANALYZER_NONNULL = YES;
				CLANG_ANALYZER_NUMBER_OBJECT_CONVERSION = YES_AGGRESSIVE;
				CLANG_CXX_LANGUAGE_STANDARD = "gnu++17";
				CLANG_ENABLE_MODULES = YES;
				CLANG_ENABLE_OBJC_ARC = YES;
				CLANG_ENABLE_OBJC_WEAK = YES;
				CLANG_WARN_BLOCK_CAPTURE_AUTORELEASING = YES;
				CLANG_WARN_BOOL_CONVERSION = YES;
				CLANG_WARN_COMMA = YES;
				CLANG_WARN_CONSTANT_CONVERSION = YES;
				CLANG_WARN_DEPRECATED_OBJC_IMPLEMENTATIONS = YES;
				CLANG_WARN_DIRECT_OBJC_ISA_USAGE = YES_ERROR;
				CLANG_WARN_DOCUMENTATION_COMMENTS = YES;
				CLANG_WARN_EMPTY_BODY = YES;
				CLANG_WARN_ENUM_CONVERSION = YES;
				CLANG_WARN_INFINITE_RECURSION = YES;
				CLANG_WARN_INT_CONVERSION = YES;
				CLANG_WARN_NON_LITERAL_NULL_CONVERSION = YES;
				CLANG_WARN_OBJC_IMPLICIT_RETAIN_SELF = YES;
				CLANG_WARN_OBJC_LITERAL_CONVERSION = YES;
				CLANG_WARN_OBJC_ROOT_CLASS = YES_ERROR;
				CLANG_WARN_QUOTED_INCLUDE_IN_FRAMEWORK_HEADER = YES;
				CLANG_WARN_RANGE_LOOP_ANALYSIS = YES;
				CLANG_WARN_STRICT_PROTOTYPES = YES;
				CLANG_WARN_SUSPICIOUS_MOVE = YES;
				CLANG_WARN_UNGUARDED_AVAILABILITY = YES_AGGRESSIVE;
				CLANG_WARN_UNREACHABLE_CODE = YES;
				CLANG_WARN__DUPLICATE_METHOD_MATCH = YES;
				COPY_PHASE_STRIP = NO;
				DEBUG_INFORMATION_FORMAT = dwarf;
				ENABLE_STRICT_OBJC_MSGSEND = YES;
				ENABLE_TESTABILITY = YES;
				GCC_C_LANGUAGE_STANDARD = gnu11;
				GCC_DYNAMIC_NO_PIC = NO;
				GCC_NO_COMMON_BLOCKS = YES;
				GCC_OPTIMIZATION_LEVEL = 0;
				GCC_PREPROCESSOR_DEFINITIONS = (
					"DEBUG=1",
					"$(inherited)",
				);
				GCC_WARN_64_TO_32_BIT_CONVERSION = YES;
				GCC_WARN_ABOUT_RETURN_TYPE = YES_ERROR;
				GCC_WARN_UNDECLARED_SELECTOR = YES;
				GCC_WARN_UNINITIALIZED_AUTOS = YES_AGGRESSIVE;
				GCC_WARN_UNUSED_FUNCTION = YES;
				GCC_WARN_UNUSED_VARIABLE = YES;
				MTL_ENABLE_DEBUG_INFO = INCLUDE_SOURCE;
				MTL_FAST_MATH = YES;
				ONLY_ACTIVE_ARCH = YES;
				SDKROOT = appletvos;
				SWIFT_ACTIVE_COMPILATION_CONDITIONS = DEBUG;
				SWIFT_OPTIMIZATION_LEVEL = "-Onone";
				TVOS_DEPLOYMENT_TARGET = 15.4;
			};
			name = Debug;
		};
		53BE7A2829731DB100790CD7 /* Release */ = {
			isa = XCBuildConfiguration;
			buildSettings = {
				ALWAYS_SEARCH_USER_PATHS = NO;
				CLANG_ANALYZER_NONNULL = YES;
				CLANG_ANALYZER_NUMBER_OBJECT_CONVERSION = YES_AGGRESSIVE;
				CLANG_CXX_LANGUAGE_STANDARD = "gnu++17";
				CLANG_ENABLE_MODULES = YES;
				CLANG_ENABLE_OBJC_ARC = YES;
				CLANG_ENABLE_OBJC_WEAK = YES;
				CLANG_WARN_BLOCK_CAPTURE_AUTORELEASING = YES;
				CLANG_WARN_BOOL_CONVERSION = YES;
				CLANG_WARN_COMMA = YES;
				CLANG_WARN_CONSTANT_CONVERSION = YES;
				CLANG_WARN_DEPRECATED_OBJC_IMPLEMENTATIONS = YES;
				CLANG_WARN_DIRECT_OBJC_ISA_USAGE = YES_ERROR;
				CLANG_WARN_DOCUMENTATION_COMMENTS = YES;
				CLANG_WARN_EMPTY_BODY = YES;
				CLANG_WARN_ENUM_CONVERSION = YES;
				CLANG_WARN_INFINITE_RECURSION = YES;
				CLANG_WARN_INT_CONVERSION = YES;
				CLANG_WARN_NON_LITERAL_NULL_CONVERSION = YES;
				CLANG_WARN_OBJC_IMPLICIT_RETAIN_SELF = YES;
				CLANG_WARN_OBJC_LITERAL_CONVERSION = YES;
				CLANG_WARN_OBJC_ROOT_CLASS = YES_ERROR;
				CLANG_WARN_QUOTED_INCLUDE_IN_FRAMEWORK_HEADER = YES;
				CLANG_WARN_RANGE_LOOP_ANALYSIS = YES;
				CLANG_WARN_STRICT_PROTOTYPES = YES;
				CLANG_WARN_SUSPICIOUS_MOVE = YES;
				CLANG_WARN_UNGUARDED_AVAILABILITY = YES_AGGRESSIVE;
				CLANG_WARN_UNREACHABLE_CODE = YES;
				CLANG_WARN__DUPLICATE_METHOD_MATCH = YES;
				COPY_PHASE_STRIP = NO;
				DEBUG_INFORMATION_FORMAT = "dwarf-with-dsym";
				ENABLE_NS_ASSERTIONS = NO;
				ENABLE_STRICT_OBJC_MSGSEND = YES;
				GCC_C_LANGUAGE_STANDARD = gnu11;
				GCC_NO_COMMON_BLOCKS = YES;
				GCC_WARN_64_TO_32_BIT_CONVERSION = YES;
				GCC_WARN_ABOUT_RETURN_TYPE = YES_ERROR;
				GCC_WARN_UNDECLARED_SELECTOR = YES;
				GCC_WARN_UNINITIALIZED_AUTOS = YES_AGGRESSIVE;
				GCC_WARN_UNUSED_FUNCTION = YES;
				GCC_WARN_UNUSED_VARIABLE = YES;
				MTL_ENABLE_DEBUG_INFO = NO;
				MTL_FAST_MATH = YES;
				SDKROOT = appletvos;
				SWIFT_COMPILATION_MODE = wholemodule;
				SWIFT_OPTIMIZATION_LEVEL = "-O";
				TVOS_DEPLOYMENT_TARGET = 15.4;
				VALIDATE_PRODUCT = YES;
			};
			name = Release;
		};
		53BE7A2A29731DB100790CD7 /* Debug */ = {
			isa = XCBuildConfiguration;
			buildSettings = {
				ASSETCATALOG_COMPILER_APPICON_NAME = "App Icon & Top Shelf Image";
				ASSETCATALOG_COMPILER_GLOBAL_ACCENT_COLOR_NAME = AccentColor;
				CODE_SIGN_STYLE = Automatic;
				CURRENT_PROJECT_VERSION = 1;
				DEVELOPMENT_ASSET_PATHS = "\"Neighbour/Preview Content\"";
				ENABLE_PREVIEWS = YES;
				GENERATE_INFOPLIST_FILE = YES;
				INFOPLIST_KEY_UILaunchScreen_Generation = YES;
				INFOPLIST_KEY_UIUserInterfaceStyle = Automatic;
				LD_RUNPATH_SEARCH_PATHS = (
					"$(inherited)",
					"@executable_path/Frameworks",
				);
				MARKETING_VERSION = 1.0;
				PRODUCT_BUNDLE_IDENTIFIER = com.brightcove.Neighbour;
				PRODUCT_NAME = "$(TARGET_NAME)";
				SWIFT_EMIT_LOC_STRINGS = YES;
				SWIFT_VERSION = 5.0;
				TARGETED_DEVICE_FAMILY = 3;
			};
			name = Debug;
		};
		53BE7A2B29731DB100790CD7 /* Release */ = {
			isa = XCBuildConfiguration;
			buildSettings = {
				ASSETCATALOG_COMPILER_APPICON_NAME = "App Icon & Top Shelf Image";
				ASSETCATALOG_COMPILER_GLOBAL_ACCENT_COLOR_NAME = AccentColor;
				CODE_SIGN_STYLE = Automatic;
				CURRENT_PROJECT_VERSION = 1;
				DEVELOPMENT_ASSET_PATHS = "\"Neighbour/Preview Content\"";
				ENABLE_PREVIEWS = YES;
				GENERATE_INFOPLIST_FILE = YES;
				INFOPLIST_KEY_UILaunchScreen_Generation = YES;
				INFOPLIST_KEY_UIUserInterfaceStyle = Automatic;
				LD_RUNPATH_SEARCH_PATHS = (
					"$(inherited)",
					"@executable_path/Frameworks",
				);
				MARKETING_VERSION = 1.0;
				PRODUCT_BUNDLE_IDENTIFIER = com.brightcove.Neighbour;
				PRODUCT_NAME = "$(TARGET_NAME)";
				SWIFT_EMIT_LOC_STRINGS = YES;
				SWIFT_VERSION = 5.0;
				TARGETED_DEVICE_FAMILY = 3;
			};
			name = Release;
		};
		53BE7A2D29731DB100790CD7 /* Debug */ = {
			isa = XCBuildConfiguration;
			buildSettings = {
				ALWAYS_EMBED_SWIFT_STANDARD_LIBRARIES = YES;
				BUNDLE_LOADER = "$(TEST_HOST)";
				CODE_SIGN_STYLE = Automatic;
				CURRENT_PROJECT_VERSION = 1;
				GENERATE_INFOPLIST_FILE = YES;
				MARKETING_VERSION = 1.0;
				PRODUCT_BUNDLE_IDENTIFIER = com.brightcove.NeighbourTests;
				PRODUCT_NAME = "$(TARGET_NAME)";
				SWIFT_EMIT_LOC_STRINGS = NO;
				SWIFT_VERSION = 5.0;
				TARGETED_DEVICE_FAMILY = 3;
				TEST_HOST = "$(BUILT_PRODUCTS_DIR)/Neighbour.app/Neighbour";
				TVOS_DEPLOYMENT_TARGET = 15.4;
			};
			name = Debug;
		};
		53BE7A2E29731DB100790CD7 /* Release */ = {
			isa = XCBuildConfiguration;
			buildSettings = {
				ALWAYS_EMBED_SWIFT_STANDARD_LIBRARIES = YES;
				BUNDLE_LOADER = "$(TEST_HOST)";
				CODE_SIGN_STYLE = Automatic;
				CURRENT_PROJECT_VERSION = 1;
				GENERATE_INFOPLIST_FILE = YES;
				MARKETING_VERSION = 1.0;
				PRODUCT_BUNDLE_IDENTIFIER = com.brightcove.NeighbourTests;
				PRODUCT_NAME = "$(TARGET_NAME)";
				SWIFT_EMIT_LOC_STRINGS = NO;
				SWIFT_VERSION = 5.0;
				TARGETED_DEVICE_FAMILY = 3;
				TEST_HOST = "$(BUILT_PRODUCTS_DIR)/Neighbour.app/Neighbour";
				TVOS_DEPLOYMENT_TARGET = 15.4;
			};
			name = Release;
		};
		53BE7A3029731DB100790CD7 /* Debug */ = {
			isa = XCBuildConfiguration;
			buildSettings = {
				ALWAYS_EMBED_SWIFT_STANDARD_LIBRARIES = YES;
				CODE_SIGN_STYLE = Automatic;
				CURRENT_PROJECT_VERSION = 1;
				GENERATE_INFOPLIST_FILE = YES;
				MARKETING_VERSION = 1.0;
				PRODUCT_BUNDLE_IDENTIFIER = com.brightcove.NeighbourUITests;
				PRODUCT_NAME = "$(TARGET_NAME)";
				SWIFT_EMIT_LOC_STRINGS = NO;
				SWIFT_VERSION = 5.0;
				TARGETED_DEVICE_FAMILY = 3;
				TEST_TARGET_NAME = Neighbour;
			};
			name = Debug;
		};
		53BE7A3129731DB100790CD7 /* Release */ = {
			isa = XCBuildConfiguration;
			buildSettings = {
				ALWAYS_EMBED_SWIFT_STANDARD_LIBRARIES = YES;
				CODE_SIGN_STYLE = Automatic;
				CURRENT_PROJECT_VERSION = 1;
				GENERATE_INFOPLIST_FILE = YES;
				MARKETING_VERSION = 1.0;
				PRODUCT_BUNDLE_IDENTIFIER = com.brightcove.NeighbourUITests;
				PRODUCT_NAME = "$(TARGET_NAME)";
				SWIFT_EMIT_LOC_STRINGS = NO;
				SWIFT_VERSION = 5.0;
				TARGETED_DEVICE_FAMILY = 3;
				TEST_TARGET_NAME = Neighbour;
			};
			name = Release;
		};
/* End XCBuildConfiguration section */

/* Begin XCConfigurationList section */
		53BE7A0029731DB000790CD7 /* Build configuration list for PBXProject "Neighbour" */ = {
			isa = XCConfigurationList;
			buildConfigurations = (
				53BE7A2729731DB100790CD7 /* Debug */,
				53BE7A2829731DB100790CD7 /* Release */,
			);
			defaultConfigurationIsVisible = 0;
			defaultConfigurationName = Release;
		};
		53BE7A2929731DB100790CD7 /* Build configuration list for PBXNativeTarget "Neighbour" */ = {
			isa = XCConfigurationList;
			buildConfigurations = (
				53BE7A2A29731DB100790CD7 /* Debug */,
				53BE7A2B29731DB100790CD7 /* Release */,
			);
			defaultConfigurationIsVisible = 0;
			defaultConfigurationName = Release;
		};
		53BE7A2C29731DB100790CD7 /* Build configuration list for PBXNativeTarget "NeighbourTests" */ = {
			isa = XCConfigurationList;
			buildConfigurations = (
				53BE7A2D29731DB100790CD7 /* Debug */,
				53BE7A2E29731DB100790CD7 /* Release */,
			);
			defaultConfigurationIsVisible = 0;
			defaultConfigurationName = Release;
		};
		53BE7A2F29731DB100790CD7 /* Build configuration list for PBXNativeTarget "NeighbourUITests" */ = {
			isa = XCConfigurationList;
			buildConfigurations = (
				53BE7A3029731DB100790CD7 /* Debug */,
				53BE7A3129731DB100790CD7 /* Release */,
			);
			defaultConfigurationIsVisible = 0;
			defaultConfigurationName = Release;
		};
/* End XCConfigurationList section */
	};
	rootObject = 53BE79FD29731DB000790CD7 /* Project object */;
}
