// !$*UTF8*$!
{
	archiveVersion = 1;
	classes = {
	};
	objectVersion = 55;
	objects = {

/* Begin PBXBuildFile section */
		533F119F297BD55A00FE8D90 /* Location.swift in Sources */ = {isa = PBXBuildFile; fileRef = 533F119E297BD55900FE8D90 /* Location.swift */; };
		5340347B299D2A1A00F3EC54 /* DescriptionVideo.swift in Sources */ = {isa = PBXBuildFile; fileRef = 5340347A299D2A1800F3EC54 /* DescriptionVideo.swift */; };
		53899F6529846CFB001A4B29 /* Information.swift in Sources */ = {isa = PBXBuildFile; fileRef = 53899F6429846CFA001A4B29 /* Information.swift */; };
		539B1FB2297B3FE2005C6D6B /* Home.swift in Sources */ = {isa = PBXBuildFile; fileRef = 539B1FB1297B3FE2005C6D6B /* Home.swift */; };
		539B1FB4297B44F0005C6D6B /* Description.swift in Sources */ = {isa = PBXBuildFile; fileRef = 539B1FB3297B44F0005C6D6B /* Description.swift */; };
		53CBD7F8298C7C45002486FC /* SideBar.swift in Sources */ = {isa = PBXBuildFile; fileRef = 53CBD7F7298C7C45002486FC /* SideBar.swift */; };
		53DBDDC22990B9D2001681EC /* Loading.swift in Sources */ = {isa = PBXBuildFile; fileRef = 53DBDDC12990B9D1001681EC /* Loading.swift */; };
		53EDC78A297A6BB20023C93A /* NeighborhoodTVApp.swift in Sources */ = {isa = PBXBuildFile; fileRef = 53EDC789297A6BB20023C93A /* NeighborhoodTVApp.swift */; };
		53EDC78C297A6BB20023C93A /* ContentView.swift in Sources */ = {isa = PBXBuildFile; fileRef = 53EDC78B297A6BB20023C93A /* ContentView.swift */; };
		53EDC78E297A6BBF0023C93A /* Assets.xcassets in Resources */ = {isa = PBXBuildFile; fileRef = 53EDC78D297A6BBF0023C93A /* Assets.xcassets */; };
		53EDC791297A6BBF0023C93A /* Preview Assets.xcassets in Resources */ = {isa = PBXBuildFile; fileRef = 53EDC790297A6BBF0023C93A /* Preview Assets.xcassets */; };
		53EDC79B297A6BBF0023C93A /* NeighborhoodTVTests.swift in Sources */ = {isa = PBXBuildFile; fileRef = 53EDC79A297A6BBF0023C93A /* NeighborhoodTVTests.swift */; };
		53EDC7A5297A6BBF0023C93A /* NeighborhoodTVUITests.swift in Sources */ = {isa = PBXBuildFile; fileRef = 53EDC7A4297A6BBF0023C93A /* NeighborhoodTVUITests.swift */; };
		53EDC7A7297A6BBF0023C93A /* NeighborhoodTVUITestsLaunchTests.swift in Sources */ = {isa = PBXBuildFile; fileRef = 53EDC7A6297A6BBF0023C93A /* NeighborhoodTVUITestsLaunchTests.swift */; };
		53EDC7B4297A6BED0023C93A /* SplashScreen.swift in Sources */ = {isa = PBXBuildFile; fileRef = 53EDC7B3297A6BED0023C93A /* SplashScreen.swift */; };
		53EDC7B6297A6F140023C93A /* Utils.swift in Sources */ = {isa = PBXBuildFile; fileRef = 53EDC7B5297A6F140023C93A /* Utils.swift */; };
		53EDC7B8297A71F00023C93A /* MediaList.swift in Sources */ = {isa = PBXBuildFile; fileRef = 53EDC7B7297A71F00023C93A /* MediaList.swift */; };
		53EDC7BA297A7C0F0023C93A /* PreviewVideo.swift in Sources */ = {isa = PBXBuildFile; fileRef = 53EDC7B9297A7C0F0023C93A /* PreviewVideo.swift */; };
/* End PBXBuildFile section */

/* Begin PBXContainerItemProxy section */
		53EDC797297A6BBF0023C93A /* PBXContainerItemProxy */ = {
			isa = PBXContainerItemProxy;
			containerPortal = 53EDC77E297A6BB20023C93A /* Project object */;
			proxyType = 1;
			remoteGlobalIDString = 53EDC785297A6BB20023C93A;
			remoteInfo = NeighborhoodTV;
		};
		53EDC7A1297A6BBF0023C93A /* PBXContainerItemProxy */ = {
			isa = PBXContainerItemProxy;
			containerPortal = 53EDC77E297A6BB20023C93A /* Project object */;
			proxyType = 1;
			remoteGlobalIDString = 53EDC785297A6BB20023C93A;
			remoteInfo = NeighborhoodTV;
		};
/* End PBXContainerItemProxy section */

/* Begin PBXFileReference section */
		533F119E297BD55900FE8D90 /* Location.swift */ = {isa = PBXFileReference; lastKnownFileType = sourcecode.swift; path = Location.swift; sourceTree = "<group>"; };
		5340347A299D2A1800F3EC54 /* DescriptionVideo.swift */ = {isa = PBXFileReference; lastKnownFileType = sourcecode.swift; path = DescriptionVideo.swift; sourceTree = "<group>"; };
		53899F6429846CFA001A4B29 /* Information.swift */ = {isa = PBXFileReference; lastKnownFileType = sourcecode.swift; path = Information.swift; sourceTree = "<group>"; };
		539B1FB1297B3FE2005C6D6B /* Home.swift */ = {isa = PBXFileReference; lastKnownFileType = sourcecode.swift; path = Home.swift; sourceTree = "<group>"; };
		539B1FB3297B44F0005C6D6B /* Description.swift */ = {isa = PBXFileReference; lastKnownFileType = sourcecode.swift; path = Description.swift; sourceTree = "<group>"; };
		53CBD7F7298C7C45002486FC /* SideBar.swift */ = {isa = PBXFileReference; lastKnownFileType = sourcecode.swift; path = SideBar.swift; sourceTree = "<group>"; };
		53DBDDC12990B9D1001681EC /* Loading.swift */ = {isa = PBXFileReference; lastKnownFileType = sourcecode.swift; path = Loading.swift; sourceTree = "<group>"; };
		53EDC786297A6BB20023C93A /* NeighborhoodTV.app */ = {isa = PBXFileReference; explicitFileType = wrapper.application; includeInIndex = 0; path = NeighborhoodTV.app; sourceTree = BUILT_PRODUCTS_DIR; };
		53EDC789297A6BB20023C93A /* NeighborhoodTVApp.swift */ = {isa = PBXFileReference; lastKnownFileType = sourcecode.swift; path = NeighborhoodTVApp.swift; sourceTree = "<group>"; };
		53EDC78B297A6BB20023C93A /* ContentView.swift */ = {isa = PBXFileReference; lastKnownFileType = sourcecode.swift; path = ContentView.swift; sourceTree = "<group>"; };
		53EDC78D297A6BBF0023C93A /* Assets.xcassets */ = {isa = PBXFileReference; lastKnownFileType = folder.assetcatalog; path = Assets.xcassets; sourceTree = "<group>"; };
		53EDC790297A6BBF0023C93A /* Preview Assets.xcassets */ = {isa = PBXFileReference; lastKnownFileType = folder.assetcatalog; path = "Preview Assets.xcassets"; sourceTree = "<group>"; };
		53EDC796297A6BBF0023C93A /* NeighborhoodTVTests.xctest */ = {isa = PBXFileReference; explicitFileType = wrapper.cfbundle; includeInIndex = 0; path = NeighborhoodTVTests.xctest; sourceTree = BUILT_PRODUCTS_DIR; };
		53EDC79A297A6BBF0023C93A /* NeighborhoodTVTests.swift */ = {isa = PBXFileReference; lastKnownFileType = sourcecode.swift; path = NeighborhoodTVTests.swift; sourceTree = "<group>"; };
		53EDC7A0297A6BBF0023C93A /* NeighborhoodTVUITests.xctest */ = {isa = PBXFileReference; explicitFileType = wrapper.cfbundle; includeInIndex = 0; path = NeighborhoodTVUITests.xctest; sourceTree = BUILT_PRODUCTS_DIR; };
		53EDC7A4297A6BBF0023C93A /* NeighborhoodTVUITests.swift */ = {isa = PBXFileReference; lastKnownFileType = sourcecode.swift; path = NeighborhoodTVUITests.swift; sourceTree = "<group>"; };
		53EDC7A6297A6BBF0023C93A /* NeighborhoodTVUITestsLaunchTests.swift */ = {isa = PBXFileReference; lastKnownFileType = sourcecode.swift; path = NeighborhoodTVUITestsLaunchTests.swift; sourceTree = "<group>"; };
		53EDC7B3297A6BED0023C93A /* SplashScreen.swift */ = {isa = PBXFileReference; lastKnownFileType = sourcecode.swift; path = SplashScreen.swift; sourceTree = "<group>"; };
		53EDC7B5297A6F140023C93A /* Utils.swift */ = {isa = PBXFileReference; lastKnownFileType = sourcecode.swift; path = Utils.swift; sourceTree = "<group>"; };
		53EDC7B7297A71F00023C93A /* MediaList.swift */ = {isa = PBXFileReference; lastKnownFileType = sourcecode.swift; path = MediaList.swift; sourceTree = "<group>"; };
		53EDC7B9297A7C0F0023C93A /* PreviewVideo.swift */ = {isa = PBXFileReference; lastKnownFileType = sourcecode.swift; path = PreviewVideo.swift; sourceTree = "<group>"; };
/* End PBXFileReference section */

/* Begin PBXFrameworksBuildPhase section */
		53EDC783297A6BB20023C93A /* Frameworks */ = {
			isa = PBXFrameworksBuildPhase;
			buildActionMask = 2147483647;
			files = (
			);
			runOnlyForDeploymentPostprocessing = 0;
		};
		53EDC793297A6BBF0023C93A /* Frameworks */ = {
			isa = PBXFrameworksBuildPhase;
			buildActionMask = 2147483647;
			files = (
			);
			runOnlyForDeploymentPostprocessing = 0;
		};
		53EDC79D297A6BBF0023C93A /* Frameworks */ = {
			isa = PBXFrameworksBuildPhase;
			buildActionMask = 2147483647;
			files = (
			);
			runOnlyForDeploymentPostprocessing = 0;
		};
/* End PBXFrameworksBuildPhase section */

/* Begin PBXGroup section */
		53EDC77D297A6BB20023C93A = {
			isa = PBXGroup;
			children = (
				53EDC788297A6BB20023C93A /* NeighborhoodTV */,
				53EDC799297A6BBF0023C93A /* NeighborhoodTVTests */,
				53EDC7A3297A6BBF0023C93A /* NeighborhoodTVUITests */,
				53EDC787297A6BB20023C93A /* Products */,
			);
			sourceTree = "<group>";
		};
		53EDC787297A6BB20023C93A /* Products */ = {
			isa = PBXGroup;
			children = (
				53EDC786297A6BB20023C93A /* NeighborhoodTV.app */,
				53EDC796297A6BBF0023C93A /* NeighborhoodTVTests.xctest */,
				53EDC7A0297A6BBF0023C93A /* NeighborhoodTVUITests.xctest */,
			);
			name = Products;
			sourceTree = "<group>";
		};
		53EDC788297A6BB20023C93A /* NeighborhoodTV */ = {
			isa = PBXGroup;
			children = (
				53EDC789297A6BB20023C93A /* NeighborhoodTVApp.swift */,
				533F119E297BD55900FE8D90 /* Location.swift */,
				53EDC7B7297A71F00023C93A /* MediaList.swift */,
				539B1FB1297B3FE2005C6D6B /* Home.swift */,
				53EDC7B5297A6F140023C93A /* Utils.swift */,
				53EDC7B3297A6BED0023C93A /* SplashScreen.swift */,
				53DBDDC12990B9D1001681EC /* Loading.swift */,
				53EDC7B9297A7C0F0023C93A /* PreviewVideo.swift */,
				5340347A299D2A1800F3EC54 /* DescriptionVideo.swift */,
				539B1FB3297B44F0005C6D6B /* Description.swift */,
				53EDC78B297A6BB20023C93A /* ContentView.swift */,
				53899F6429846CFA001A4B29 /* Information.swift */,
				53CBD7F7298C7C45002486FC /* SideBar.swift */,
				53EDC78D297A6BBF0023C93A /* Assets.xcassets */,
				53EDC78F297A6BBF0023C93A /* Preview Content */,
			);
			path = NeighborhoodTV;
			sourceTree = "<group>";
		};
		53EDC78F297A6BBF0023C93A /* Preview Content */ = {
			isa = PBXGroup;
			children = (
				53EDC790297A6BBF0023C93A /* Preview Assets.xcassets */,
			);
			path = "Preview Content";
			sourceTree = "<group>";
		};
		53EDC799297A6BBF0023C93A /* NeighborhoodTVTests */ = {
			isa = PBXGroup;
			children = (
				53EDC79A297A6BBF0023C93A /* NeighborhoodTVTests.swift */,
			);
			path = NeighborhoodTVTests;
			sourceTree = "<group>";
		};
		53EDC7A3297A6BBF0023C93A /* NeighborhoodTVUITests */ = {
			isa = PBXGroup;
			children = (
				53EDC7A4297A6BBF0023C93A /* NeighborhoodTVUITests.swift */,
				53EDC7A6297A6BBF0023C93A /* NeighborhoodTVUITestsLaunchTests.swift */,
			);
			path = NeighborhoodTVUITests;
			sourceTree = "<group>";
		};
/* End PBXGroup section */

/* Begin PBXNativeTarget section */
		53EDC785297A6BB20023C93A /* NeighborhoodTV */ = {
			isa = PBXNativeTarget;
			buildConfigurationList = 53EDC7AA297A6BBF0023C93A /* Build configuration list for PBXNativeTarget "NeighborhoodTV" */;
			buildPhases = (
				53EDC782297A6BB20023C93A /* Sources */,
				53EDC783297A6BB20023C93A /* Frameworks */,
				53EDC784297A6BB20023C93A /* Resources */,
			);
			buildRules = (
			);
			dependencies = (
			);
			name = NeighborhoodTV;
			productName = NeighborhoodTV;
			productReference = 53EDC786297A6BB20023C93A /* NeighborhoodTV.app */;
			productType = "com.apple.product-type.application";
		};
		53EDC795297A6BBF0023C93A /* NeighborhoodTVTests */ = {
			isa = PBXNativeTarget;
			buildConfigurationList = 53EDC7AD297A6BBF0023C93A /* Build configuration list for PBXNativeTarget "NeighborhoodTVTests" */;
			buildPhases = (
				53EDC792297A6BBF0023C93A /* Sources */,
				53EDC793297A6BBF0023C93A /* Frameworks */,
				53EDC794297A6BBF0023C93A /* Resources */,
			);
			buildRules = (
			);
			dependencies = (
				53EDC798297A6BBF0023C93A /* PBXTargetDependency */,
			);
			name = NeighborhoodTVTests;
			productName = NeighborhoodTVTests;
			productReference = 53EDC796297A6BBF0023C93A /* NeighborhoodTVTests.xctest */;
			productType = "com.apple.product-type.bundle.unit-test";
		};
		53EDC79F297A6BBF0023C93A /* NeighborhoodTVUITests */ = {
			isa = PBXNativeTarget;
			buildConfigurationList = 53EDC7B0297A6BBF0023C93A /* Build configuration list for PBXNativeTarget "NeighborhoodTVUITests" */;
			buildPhases = (
				53EDC79C297A6BBF0023C93A /* Sources */,
				53EDC79D297A6BBF0023C93A /* Frameworks */,
				53EDC79E297A6BBF0023C93A /* Resources */,
			);
			buildRules = (
			);
			dependencies = (
				53EDC7A2297A6BBF0023C93A /* PBXTargetDependency */,
			);
			name = NeighborhoodTVUITests;
			productName = NeighborhoodTVUITests;
			productReference = 53EDC7A0297A6BBF0023C93A /* NeighborhoodTVUITests.xctest */;
			productType = "com.apple.product-type.bundle.ui-testing";
		};
/* End PBXNativeTarget section */

/* Begin PBXProject section */
		53EDC77E297A6BB20023C93A /* Project object */ = {
			isa = PBXProject;
			attributes = {
				BuildIndependentTargetsInParallel = 1;
				LastSwiftUpdateCheck = 1340;
				LastUpgradeCheck = 1340;
				TargetAttributes = {
					53EDC785297A6BB20023C93A = {
						CreatedOnToolsVersion = 13.4;
					};
					53EDC795297A6BBF0023C93A = {
						CreatedOnToolsVersion = 13.4;
						TestTargetID = 53EDC785297A6BB20023C93A;
					};
					53EDC79F297A6BBF0023C93A = {
						CreatedOnToolsVersion = 13.4;
						TestTargetID = 53EDC785297A6BB20023C93A;
					};
				};
			};
			buildConfigurationList = 53EDC781297A6BB20023C93A /* Build configuration list for PBXProject "NeighborhoodTV" */;
			compatibilityVersion = "Xcode 13.0";
			developmentRegion = en;
			hasScannedForEncodings = 0;
			knownRegions = (
				en,
				Base,
			);
			mainGroup = 53EDC77D297A6BB20023C93A;
			productRefGroup = 53EDC787297A6BB20023C93A /* Products */;
			projectDirPath = "";
			projectRoot = "";
			targets = (
				53EDC785297A6BB20023C93A /* NeighborhoodTV */,
				53EDC795297A6BBF0023C93A /* NeighborhoodTVTests */,
				53EDC79F297A6BBF0023C93A /* NeighborhoodTVUITests */,
			);
		};
/* End PBXProject section */

/* Begin PBXResourcesBuildPhase section */
		53EDC784297A6BB20023C93A /* Resources */ = {
			isa = PBXResourcesBuildPhase;
			buildActionMask = 2147483647;
			files = (
				53EDC791297A6BBF0023C93A /* Preview Assets.xcassets in Resources */,
				53EDC78E297A6BBF0023C93A /* Assets.xcassets in Resources */,
			);
			runOnlyForDeploymentPostprocessing = 0;
		};
		53EDC794297A6BBF0023C93A /* Resources */ = {
			isa = PBXResourcesBuildPhase;
			buildActionMask = 2147483647;
			files = (
			);
			runOnlyForDeploymentPostprocessing = 0;
		};
		53EDC79E297A6BBF0023C93A /* Resources */ = {
			isa = PBXResourcesBuildPhase;
			buildActionMask = 2147483647;
			files = (
			);
			runOnlyForDeploymentPostprocessing = 0;
		};
/* End PBXResourcesBuildPhase section */

/* Begin PBXSourcesBuildPhase section */
		53EDC782297A6BB20023C93A /* Sources */ = {
			isa = PBXSourcesBuildPhase;
			buildActionMask = 2147483647;
			files = (
				539B1FB4297B44F0005C6D6B /* Description.swift in Sources */,
				53EDC7B4297A6BED0023C93A /* SplashScreen.swift in Sources */,
				53EDC78C297A6BB20023C93A /* ContentView.swift in Sources */,
				53EDC7B8297A71F00023C93A /* MediaList.swift in Sources */,
				533F119F297BD55A00FE8D90 /* Location.swift in Sources */,
				53EDC78A297A6BB20023C93A /* NeighborhoodTVApp.swift in Sources */,
				53CBD7F8298C7C45002486FC /* SideBar.swift in Sources */,
				53EDC7BA297A7C0F0023C93A /* PreviewVideo.swift in Sources */,
				53EDC7B6297A6F140023C93A /* Utils.swift in Sources */,
				5340347B299D2A1A00F3EC54 /* DescriptionVideo.swift in Sources */,
				53899F6529846CFB001A4B29 /* Information.swift in Sources */,
				53DBDDC22990B9D2001681EC /* Loading.swift in Sources */,
				539B1FB2297B3FE2005C6D6B /* Home.swift in Sources */,
			);
			runOnlyForDeploymentPostprocessing = 0;
		};
		53EDC792297A6BBF0023C93A /* Sources */ = {
			isa = PBXSourcesBuildPhase;
			buildActionMask = 2147483647;
			files = (
				53EDC79B297A6BBF0023C93A /* NeighborhoodTVTests.swift in Sources */,
			);
			runOnlyForDeploymentPostprocessing = 0;
		};
		53EDC79C297A6BBF0023C93A /* Sources */ = {
			isa = PBXSourcesBuildPhase;
			buildActionMask = 2147483647;
			files = (
				53EDC7A7297A6BBF0023C93A /* NeighborhoodTVUITestsLaunchTests.swift in Sources */,
				53EDC7A5297A6BBF0023C93A /* NeighborhoodTVUITests.swift in Sources */,
			);
			runOnlyForDeploymentPostprocessing = 0;
		};
/* End PBXSourcesBuildPhase section */

/* Begin PBXTargetDependency section */
		53EDC798297A6BBF0023C93A /* PBXTargetDependency */ = {
			isa = PBXTargetDependency;
			target = 53EDC785297A6BB20023C93A /* NeighborhoodTV */;
			targetProxy = 53EDC797297A6BBF0023C93A /* PBXContainerItemProxy */;
		};
		53EDC7A2297A6BBF0023C93A /* PBXTargetDependency */ = {
			isa = PBXTargetDependency;
			target = 53EDC785297A6BB20023C93A /* NeighborhoodTV */;
			targetProxy = 53EDC7A1297A6BBF0023C93A /* PBXContainerItemProxy */;
		};
/* End PBXTargetDependency section */

/* Begin XCBuildConfiguration section */
		53EDC7A8297A6BBF0023C93A /* Debug */ = {
			isa = XCBuildConfiguration;
			buildSettings = {
				ALWAYS_SEARCH_USER_PATHS = NO;
				CLANG_ANALYZER_NONNULL = YES;
				CLANG_ANALYZER_NUMBER_OBJECT_CONVERSION = YES_AGGRESSIVE;
				CLANG_CXX_LANGUAGE_STANDARD = "gnu++17";
				CLANG_ENABLE_MODULES = YES;
				CLANG_ENABLE_OBJC_ARC = YES;
				CLANG_ENABLE_OBJC_WEAK = YES;
				CLANG_WARN_BLOCK_CAPTURE_AUTORELEASING = YES;
				CLANG_WARN_BOOL_CONVERSION = YES;
				CLANG_WARN_COMMA = YES;
				CLANG_WARN_CONSTANT_CONVERSION = YES;
				CLANG_WARN_DEPRECATED_OBJC_IMPLEMENTATIONS = YES;
				CLANG_WARN_DIRECT_OBJC_ISA_USAGE = YES_ERROR;
				CLANG_WARN_DOCUMENTATION_COMMENTS = YES;
				CLANG_WARN_EMPTY_BODY = YES;
				CLANG_WARN_ENUM_CONVERSION = YES;
				CLANG_WARN_INFINITE_RECURSION = YES;
				CLANG_WARN_INT_CONVERSION = YES;
				CLANG_WARN_NON_LITERAL_NULL_CONVERSION = YES;
				CLANG_WARN_OBJC_IMPLICIT_RETAIN_SELF = YES;
				CLANG_WARN_OBJC_LITERAL_CONVERSION = YES;
				CLANG_WARN_OBJC_ROOT_CLASS = YES_ERROR;
				CLANG_WARN_QUOTED_INCLUDE_IN_FRAMEWORK_HEADER = YES;
				CLANG_WARN_RANGE_LOOP_ANALYSIS = YES;
				CLANG_WARN_STRICT_PROTOTYPES = YES;
				CLANG_WARN_SUSPICIOUS_MOVE = YES;
				CLANG_WARN_UNGUARDED_AVAILABILITY = YES_AGGRESSIVE;
				CLANG_WARN_UNREACHABLE_CODE = YES;
				CLANG_WARN__DUPLICATE_METHOD_MATCH = YES;
				COPY_PHASE_STRIP = NO;
				DEBUG_INFORMATION_FORMAT = dwarf;
				ENABLE_STRICT_OBJC_MSGSEND = YES;
				ENABLE_TESTABILITY = YES;
				GCC_C_LANGUAGE_STANDARD = gnu11;
				GCC_DYNAMIC_NO_PIC = NO;
				GCC_NO_COMMON_BLOCKS = YES;
				GCC_OPTIMIZATION_LEVEL = 0;
				GCC_PREPROCESSOR_DEFINITIONS = (
					"DEBUG=1",
					"$(inherited)",
				);
				GCC_WARN_64_TO_32_BIT_CONVERSION = YES;
				GCC_WARN_ABOUT_RETURN_TYPE = YES_ERROR;
				GCC_WARN_UNDECLARED_SELECTOR = YES;
				GCC_WARN_UNINITIALIZED_AUTOS = YES_AGGRESSIVE;
				GCC_WARN_UNUSED_FUNCTION = YES;
				GCC_WARN_UNUSED_VARIABLE = YES;
				MTL_ENABLE_DEBUG_INFO = INCLUDE_SOURCE;
				MTL_FAST_MATH = YES;
				ONLY_ACTIVE_ARCH = YES;
				SDKROOT = appletvos;
				SWIFT_ACTIVE_COMPILATION_CONDITIONS = DEBUG;
				SWIFT_OPTIMIZATION_LEVEL = "-Onone";
				TVOS_DEPLOYMENT_TARGET = 15.4;
			};
			name = Debug;
		};
		53EDC7A9297A6BBF0023C93A /* Release */ = {
			isa = XCBuildConfiguration;
			buildSettings = {
				ALWAYS_SEARCH_USER_PATHS = NO;
				CLANG_ANALYZER_NONNULL = YES;
				CLANG_ANALYZER_NUMBER_OBJECT_CONVERSION = YES_AGGRESSIVE;
				CLANG_CXX_LANGUAGE_STANDARD = "gnu++17";
				CLANG_ENABLE_MODULES = YES;
				CLANG_ENABLE_OBJC_ARC = YES;
				CLANG_ENABLE_OBJC_WEAK = YES;
				CLANG_WARN_BLOCK_CAPTURE_AUTORELEASING = YES;
				CLANG_WARN_BOOL_CONVERSION = YES;
				CLANG_WARN_COMMA = YES;
				CLANG_WARN_CONSTANT_CONVERSION = YES;
				CLANG_WARN_DEPRECATED_OBJC_IMPLEMENTATIONS = YES;
				CLANG_WARN_DIRECT_OBJC_ISA_USAGE = YES_ERROR;
				CLANG_WARN_DOCUMENTATION_COMMENTS = YES;
				CLANG_WARN_EMPTY_BODY = YES;
				CLANG_WARN_ENUM_CONVERSION = YES;
				CLANG_WARN_INFINITE_RECURSION = YES;
				CLANG_WARN_INT_CONVERSION = YES;
				CLANG_WARN_NON_LITERAL_NULL_CONVERSION = YES;
				CLANG_WARN_OBJC_IMPLICIT_RETAIN_SELF = YES;
				CLANG_WARN_OBJC_LITERAL_CONVERSION = YES;
				CLANG_WARN_OBJC_ROOT_CLASS = YES_ERROR;
				CLANG_WARN_QUOTED_INCLUDE_IN_FRAMEWORK_HEADER = YES;
				CLANG_WARN_RANGE_LOOP_ANALYSIS = YES;
				CLANG_WARN_STRICT_PROTOTYPES = YES;
				CLANG_WARN_SUSPICIOUS_MOVE = YES;
				CLANG_WARN_UNGUARDED_AVAILABILITY = YES_AGGRESSIVE;
				CLANG_WARN_UNREACHABLE_CODE = YES;
				CLANG_WARN__DUPLICATE_METHOD_MATCH = YES;
				COPY_PHASE_STRIP = NO;
				DEBUG_INFORMATION_FORMAT = "dwarf-with-dsym";
				ENABLE_NS_ASSERTIONS = NO;
				ENABLE_STRICT_OBJC_MSGSEND = YES;
				GCC_C_LANGUAGE_STANDARD = gnu11;
				GCC_NO_COMMON_BLOCKS = YES;
				GCC_WARN_64_TO_32_BIT_CONVERSION = YES;
				GCC_WARN_ABOUT_RETURN_TYPE = YES_ERROR;
				GCC_WARN_UNDECLARED_SELECTOR = YES;
				GCC_WARN_UNINITIALIZED_AUTOS = YES_AGGRESSIVE;
				GCC_WARN_UNUSED_FUNCTION = YES;
				GCC_WARN_UNUSED_VARIABLE = YES;
				MTL_ENABLE_DEBUG_INFO = NO;
				MTL_FAST_MATH = YES;
				ONLY_ACTIVE_ARCH = YES;
				SDKROOT = appletvos;
				SWIFT_COMPILATION_MODE = wholemodule;
				SWIFT_OPTIMIZATION_LEVEL = "-O";
				TVOS_DEPLOYMENT_TARGET = 15.4;
				VALIDATE_PRODUCT = YES;
			};
			name = Release;
		};
		53EDC7AB297A6BBF0023C93A /* Debug */ = {
			isa = XCBuildConfiguration;
			buildSettings = {
				ASSETCATALOG_COMPILER_APPICON_NAME = "App Icon & Top Shelf Image";
				ASSETCATALOG_COMPILER_GLOBAL_ACCENT_COLOR_NAME = AccentColor;
				ASSETCATALOG_COMPILER_INCLUDE_ALL_APPICON_ASSETS = YES;
				CODE_SIGN_STYLE = Automatic;
				CURRENT_PROJECT_VERSION = 1;
				DEVELOPMENT_ASSET_PATHS = "\"NeighborhoodTV/Preview Content\"";
				DEVELOPMENT_TEAM = 3WG8LJT7J4;
				ENABLE_PREVIEWS = YES;
				GENERATE_INFOPLIST_FILE = YES;
				INFOPLIST_KEY_UILaunchScreen_Generation = YES;
				INFOPLIST_KEY_UIUserInterfaceStyle = Automatic;
				LD_RUNPATH_SEARCH_PATHS = (
					"$(inherited)",
					"@executable_path/Frameworks",
				);
				MARKETING_VERSION = 2;
				PRODUCT_BUNDLE_IDENTIFIER = com.NeighborhoodTV.NeighborhoodTVOS;
				PRODUCT_NAME = NeighborhoodTV;
				SWIFT_EMIT_LOC_STRINGS = YES;
				SWIFT_VERSION = 5.0;
				TARGETED_DEVICE_FAMILY = 3;
			};
			name = Debug;
		};
		53EDC7AC297A6BBF0023C93A /* Release */ = {
			isa = XCBuildConfiguration;
			buildSettings = {
				ASSETCATALOG_COMPILER_APPICON_NAME = "App Icon & Top Shelf Image";
				ASSETCATALOG_COMPILER_GLOBAL_ACCENT_COLOR_NAME = AccentColor;
				ASSETCATALOG_COMPILER_INCLUDE_ALL_APPICON_ASSETS = YES;
				CODE_SIGN_STYLE = Automatic;
				CURRENT_PROJECT_VERSION = 1;
				DEVELOPMENT_ASSET_PATHS = "\"NeighborhoodTV/Preview Content\"";
				DEVELOPMENT_TEAM = 3WG8LJT7J4;
				ENABLE_PREVIEWS = YES;
				GENERATE_INFOPLIST_FILE = YES;
				INFOPLIST_KEY_UILaunchScreen_Generation = YES;
				INFOPLIST_KEY_UIUserInterfaceStyle = Automatic;
				LD_RUNPATH_SEARCH_PATHS = (
					"$(inherited)",
					"@executable_path/Frameworks",
				);
				MARKETING_VERSION = 2;
				PRODUCT_BUNDLE_IDENTIFIER = com.NeighborhoodTV.NeighborhoodTVOS;
				PRODUCT_NAME = NeighborhoodTV;
				SWIFT_EMIT_LOC_STRINGS = YES;
				SWIFT_VERSION = 5.0;
				TARGETED_DEVICE_FAMILY = 3;
			};
			name = Release;
		};
		53EDC7AE297A6BBF0023C93A /* Debug */ = {
			isa = XCBuildConfiguration;
			buildSettings = {
				ALWAYS_EMBED_SWIFT_STANDARD_LIBRARIES = YES;
				BUNDLE_LOADER = "$(TEST_HOST)";
				CODE_SIGN_STYLE = Automatic;
				CURRENT_PROJECT_VERSION = 1;
				GENERATE_INFOPLIST_FILE = YES;
				MARKETING_VERSION = 1.0;
				PRODUCT_BUNDLE_IDENTIFIER = com.NeighborhoodTV.NeighborhoodTVTests;
				PRODUCT_NAME = "$(TARGET_NAME)";
				SWIFT_EMIT_LOC_STRINGS = NO;
				SWIFT_VERSION = 5.0;
				TARGETED_DEVICE_FAMILY = 3;
				TEST_HOST = "$(BUILT_PRODUCTS_DIR)/NeighborhoodTV.app/NeighborhoodTV";
				TVOS_DEPLOYMENT_TARGET = 15.4;
			};
			name = Debug;
		};
		53EDC7AF297A6BBF0023C93A /* Release */ = {
			isa = XCBuildConfiguration;
			buildSettings = {
				ALWAYS_EMBED_SWIFT_STANDARD_LIBRARIES = YES;
				BUNDLE_LOADER = "$(TEST_HOST)";
				CODE_SIGN_STYLE = Automatic;
				CURRENT_PROJECT_VERSION = 1;
				GENERATE_INFOPLIST_FILE = YES;
				MARKETING_VERSION = 1.0;
				PRODUCT_BUNDLE_IDENTIFIER = com.NeighborhoodTV.NeighborhoodTVTests;
				PRODUCT_NAME = "$(TARGET_NAME)";
				SWIFT_EMIT_LOC_STRINGS = NO;
				SWIFT_VERSION = 5.0;
				TARGETED_DEVICE_FAMILY = 3;
				TEST_HOST = "$(BUILT_PRODUCTS_DIR)/NeighborhoodTV.app/NeighborhoodTV";
				TVOS_DEPLOYMENT_TARGET = 15.4;
			};
			name = Release;
		};
		53EDC7B1297A6BBF0023C93A /* Debug */ = {
			isa = XCBuildConfiguration;
			buildSettings = {
				ALWAYS_EMBED_SWIFT_STANDARD_LIBRARIES = YES;
				CODE_SIGN_STYLE = Automatic;
				CURRENT_PROJECT_VERSION = 1;
				GENERATE_INFOPLIST_FILE = YES;
				MARKETING_VERSION = 1.0;
				PRODUCT_BUNDLE_IDENTIFIER = com.NeighborhoodTV.NeighborhoodTVUITests;
				PRODUCT_NAME = "$(TARGET_NAME)";
				SWIFT_EMIT_LOC_STRINGS = NO;
				SWIFT_VERSION = 5.0;
				TARGETED_DEVICE_FAMILY = 3;
				TEST_TARGET_NAME = NeighborhoodTV;
			};
			name = Debug;
		};
		53EDC7B2297A6BBF0023C93A /* Release */ = {
			isa = XCBuildConfiguration;
			buildSettings = {
				ALWAYS_EMBED_SWIFT_STANDARD_LIBRARIES = YES;
				CODE_SIGN_STYLE = Automatic;
				CURRENT_PROJECT_VERSION = 1;
				GENERATE_INFOPLIST_FILE = YES;
				MARKETING_VERSION = 1.0;
				PRODUCT_BUNDLE_IDENTIFIER = com.NeighborhoodTV.NeighborhoodTVUITests;
				PRODUCT_NAME = "$(TARGET_NAME)";
				SWIFT_EMIT_LOC_STRINGS = NO;
				SWIFT_VERSION = 5.0;
				TARGETED_DEVICE_FAMILY = 3;
				TEST_TARGET_NAME = NeighborhoodTV;
			};
			name = Release;
		};
/* End XCBuildConfiguration section */

/* Begin XCConfigurationList section */
		53EDC781297A6BB20023C93A /* Build configuration list for PBXProject "NeighborhoodTV" */ = {
			isa = XCConfigurationList;
			buildConfigurations = (
				53EDC7A8297A6BBF0023C93A /* Debug */,
				53EDC7A9297A6BBF0023C93A /* Release */,
			);
			defaultConfigurationIsVisible = 0;
			defaultConfigurationName = Release;
		};
		53EDC7AA297A6BBF0023C93A /* Build configuration list for PBXNativeTarget "NeighborhoodTV" */ = {
			isa = XCConfigurationList;
			buildConfigurations = (
				53EDC7AB297A6BBF0023C93A /* Debug */,
				53EDC7AC297A6BBF0023C93A /* Release */,
			);
			defaultConfigurationIsVisible = 0;
			defaultConfigurationName = Release;
		};
		53EDC7AD297A6BBF0023C93A /* Build configuration list for PBXNativeTarget "NeighborhoodTVTests" */ = {
			isa = XCConfigurationList;
			buildConfigurations = (
				53EDC7AE297A6BBF0023C93A /* Debug */,
				53EDC7AF297A6BBF0023C93A /* Release */,
			);
			defaultConfigurationIsVisible = 0;
			defaultConfigurationName = Release;
		};
		53EDC7B0297A6BBF0023C93A /* Build configuration list for PBXNativeTarget "NeighborhoodTVUITests" */ = {
			isa = XCConfigurationList;
			buildConfigurations = (
				53EDC7B1297A6BBF0023C93A /* Debug */,
				53EDC7B2297A6BBF0023C93A /* Release */,
			);
			defaultConfigurationIsVisible = 0;
			defaultConfigurationName = Release;
		};
/* End XCConfigurationList section */
	};
	rootObject = 53EDC77E297A6BB20023C93A /* Project object */;
}
